
Microsoft Visual Studio Solution File, Format Version 12.00
# Visual Studio Version 17
VisualStudioVersion = 17.5.002.0
MinimumVisualStudioVersion = 10.0.40219.1
Project("{9A19103F-16F7-4668-BE54-9A1E7A4F7556}") = "Interview", "Interview.csproj", "{310AF31A-9431-48D0-AC16-01957F3B621C}"
EndProject
Global
	GlobalSection(SolutionConfigurationPlatforms) = preSolution
		Debug|Any CPU = Debug|Any CPU
		Release|Any CPU = Release|Any CPU
	EndGlobalSection
	GlobalSection(ProjectConfigurationPlatforms) = postSolution
		{310AF31A-9431-48D0-AC16-01957F3B621C}.Debug|Any CPU.ActiveCfg = Debug|Any CPU
		{310AF31A-9431-48D0-AC16-01957F3B621C}.Debug|Any CPU.Build.0 = Debug|Any CPU
		{310AF31A-9431-48D0-AC16-01957F3B621C}.Release|Any CPU.ActiveCfg = Release|Any CPU
		{310AF31A-9431-48D0-AC16-01957F3B621C}.Release|Any CPU.Build.0 = Release|Any CPU
	EndGlobalSection
	GlobalSection(SolutionProperties) = preSolution
		HideSolutionNode = FALSE
	EndGlobalSection
	GlobalSection(ExtensibilityGlobals) = postSolution
		SolutionGuid = {9C706499-B52F-4E9C-A478-1A4E1D7E4B6D}
	EndGlobalSection
EndGlobal
